// !$*UTF8*$!
{
	archiveVersion = 1;
	classes = {
	};
	objectVersion = 48;
	objects = {

/* Begin PBXBuildFile section */
		667F4C7E1FA3068900F9A900 /* AppDelegate.swift in Sources */ = {isa = PBXBuildFile; fileRef = 667F4C7D1FA3068900F9A900 /* AppDelegate.swift */; };
		667F4C801FA3068900F9A900 /* ViewController.swift in Sources */ = {isa = PBXBuildFile; fileRef = 667F4C7F1FA3068900F9A900 /* ViewController.swift */; };
		667F4C831FA3068900F9A900 /* Main.storyboard in Resources */ = {isa = PBXBuildFile; fileRef = 667F4C811FA3068900F9A900 /* Main.storyboard */; };
		667F4C851FA3068900F9A900 /* Assets.xcassets in Resources */ = {isa = PBXBuildFile; fileRef = 667F4C841FA3068900F9A900 /* Assets.xcassets */; };
		667F4C881FA3068900F9A900 /* LaunchScreen.storyboard in Resources */ = {isa = PBXBuildFile; fileRef = 667F4C861FA3068900F9A900 /* LaunchScreen.storyboard */; };
		667F4C901FA3071A00F9A900 /* AVPlayerView.swift in Sources */ = {isa = PBXBuildFile; fileRef = 667F4C8F1FA3071A00F9A900 /* AVPlayerView.swift */; };
		667F4C921FA3126A00F9A900 /* AlphaFrameFilter.swift in Sources */ = {isa = PBXBuildFile; fileRef = 667F4C911FA3126A00F9A900 /* AlphaFrameFilter.swift */; };
		6690684B1FA3656B00598D4C /* playdoh-bat.mp4 in Resources */ = {isa = PBXBuildFile; fileRef = 6690684A1FA3656B00598D4C /* playdoh-bat.mp4 */; };
		669678FB242E7BF00085D444 /* AVAsset+VideoSize.swift in Sources */ = {isa = PBXBuildFile; fileRef = 669678FA242E7BF00085D444 /* AVAsset+VideoSize.swift */; };
		669678FD242E7CFB0085D444 /* CIImage+VerticalSplit.swift in Sources */ = {isa = PBXBuildFile; fileRef = 669678FC242E7CFB0085D444 /* CIImage+VerticalSplit.swift */; };
		66E0467A242E85320096DEE5 /* CIKernel+DefaultMetalLibrary.swift in Sources */ = {isa = PBXBuildFile; fileRef = 66E04678242E85320096DEE5 /* CIKernel+DefaultMetalLibrary.swift */; };
		66E0467B242E85320096DEE5 /* AlphaFrameFilter.metal in Sources */ = {isa = PBXBuildFile; fileRef = 66E04679242E85320096DEE5 /* AlphaFrameFilter.metal */; };
/* End PBXBuildFile section */

/* Begin PBXFileReference section */
		667F4C7A1FA3068900F9A900 /* MyTransparentVideoExample.app */ = {isa = PBXFileReference; explicitFileType = wrapper.application; includeInIndex = 0; path = MyTransparentVideoExample.app; sourceTree = BUILT_PRODUCTS_DIR; };
		667F4C7D1FA3068900F9A900 /* AppDelegate.swift */ = {isa = PBXFileReference; lastKnownFileType = sourcecode.swift; path = AppDelegate.swift; sourceTree = "<group>"; };
		667F4C7F1FA3068900F9A900 /* ViewController.swift */ = {isa = PBXFileReference; lastKnownFileType = sourcecode.swift; path = ViewController.swift; sourceTree = "<group>"; };
		667F4C821FA3068900F9A900 /* Base */ = {isa = PBXFileReference; lastKnownFileType = file.storyboard; name = Base; path = Base.lproj/Main.storyboard; sourceTree = "<group>"; };
		667F4C841FA3068900F9A900 /* Assets.xcassets */ = {isa = PBXFileReference; lastKnownFileType = folder.assetcatalog; path = Assets.xcassets; sourceTree = "<group>"; };
		667F4C871FA3068900F9A900 /* Base */ = {isa = PBXFileReference; lastKnownFileType = file.storyboard; name = Base; path = Base.lproj/LaunchScreen.storyboard; sourceTree = "<group>"; };
		667F4C891FA3068900F9A900 /* Info.plist */ = {isa = PBXFileReference; lastKnownFileType = text.plist.xml; path = Info.plist; sourceTree = "<group>"; };
		667F4C8F1FA3071A00F9A900 /* AVPlayerView.swift */ = {isa = PBXFileReference; fileEncoding = 4; lastKnownFileType = sourcecode.swift; path = AVPlayerView.swift; sourceTree = "<group>"; };
		667F4C911FA3126A00F9A900 /* AlphaFrameFilter.swift */ = {isa = PBXFileReference; fileEncoding = 4; lastKnownFileType = sourcecode.swift; path = AlphaFrameFilter.swift; sourceTree = "<group>"; };
		6690684A1FA3656B00598D4C /* playdoh-bat.mp4 */ = {isa = PBXFileReference; lastKnownFileType = file; path = "playdoh-bat.mp4"; sourceTree = "<group>"; };
		669678FA242E7BF00085D444 /* AVAsset+VideoSize.swift */ = {isa = PBXFileReference; fileEncoding = 4; lastKnownFileType = sourcecode.swift; path = "AVAsset+VideoSize.swift"; sourceTree = "<group>"; };
		669678FC242E7CFB0085D444 /* CIImage+VerticalSplit.swift */ = {isa = PBXFileReference; lastKnownFileType = sourcecode.swift; path = "CIImage+VerticalSplit.swift"; sourceTree = "<group>"; };
		66E04678242E85320096DEE5 /* CIKernel+DefaultMetalLibrary.swift */ = {isa = PBXFileReference; fileEncoding = 4; lastKnownFileType = sourcecode.swift; path = "CIKernel+DefaultMetalLibrary.swift"; sourceTree = "<group>"; };
		66E04679242E85320096DEE5 /* AlphaFrameFilter.metal */ = {isa = PBXFileReference; fileEncoding = 4; lastKnownFileType = sourcecode.metal; path = AlphaFrameFilter.metal; sourceTree = "<group>"; };
/* End PBXFileReference section */

/* Begin PBXFrameworksBuildPhase section */
		667F4C771FA3068800F9A900 /* Frameworks */ = {
			isa = PBXFrameworksBuildPhase;
			buildActionMask = 2147483647;
			files = (
			);
			runOnlyForDeploymentPostprocessing = 0;
		};
/* End PBXFrameworksBuildPhase section */

/* Begin PBXGroup section */
		667F4C711FA3068800F9A900 = {
			isa = PBXGroup;
			children = (
				667F4C7C1FA3068900F9A900 /* MyTransparentVideoExample */,
				667F4C7B1FA3068900F9A900 /* Products */,
			);
			sourceTree = "<group>";
		};
		667F4C7B1FA3068900F9A900 /* Products */ = {
			isa = PBXGroup;
			children = (
				667F4C7A1FA3068900F9A900 /* MyTransparentVideoExample.app */,
			);
			name = Products;
			sourceTree = "<group>";
		};
		667F4C7C1FA3068900F9A900 /* MyTransparentVideoExample */ = {
			isa = PBXGroup;
			children = (
				6690684A1FA3656B00598D4C /* playdoh-bat.mp4 */,
				66E04679242E85320096DEE5 /* AlphaFrameFilter.metal */,
				667F4C911FA3126A00F9A900 /* AlphaFrameFilter.swift */,
				669678FA242E7BF00085D444 /* AVAsset+VideoSize.swift */,
				667F4C8F1FA3071A00F9A900 /* AVPlayerView.swift */,
				667F4C7D1FA3068900F9A900 /* AppDelegate.swift */,
				669678FC242E7CFB0085D444 /* CIImage+VerticalSplit.swift */,
				66E04678242E85320096DEE5 /* CIKernel+DefaultMetalLibrary.swift */,
				667F4C7F1FA3068900F9A900 /* ViewController.swift */,
				667F4C811FA3068900F9A900 /* Main.storyboard */,
				667F4C841FA3068900F9A900 /* Assets.xcassets */,
				667F4C861FA3068900F9A900 /* LaunchScreen.storyboard */,
				667F4C891FA3068900F9A900 /* Info.plist */,
			);
			path = MyTransparentVideoExample;
			sourceTree = "<group>";
		};
/* End PBXGroup section */

/* Begin PBXNativeTarget section */
		667F4C791FA3068800F9A900 /* MyTransparentVideoExample */ = {
			isa = PBXNativeTarget;
			buildConfigurationList = 667F4C8C1FA3068900F9A900 /* Build configuration list for PBXNativeTarget "MyTransparentVideoExample" */;
			buildPhases = (
				667F4C761FA3068800F9A900 /* Sources */,
				667F4C771FA3068800F9A900 /* Frameworks */,
				667F4C781FA3068800F9A900 /* Resources */,
			);
			buildRules = (
			);
			dependencies = (
			);
			name = MyTransparentVideoExample;
			productName = MyTransparentVideoExample;
			productReference = 667F4C7A1FA3068900F9A900 /* MyTransparentVideoExample.app */;
			productType = "com.apple.product-type.application";
		};
/* End PBXNativeTarget section */

/* Begin PBXProject section */
		667F4C721FA3068800F9A900 /* Project object */ = {
			isa = PBXProject;
			attributes = {
				LastSwiftUpdateCheck = 0910;
				LastUpgradeCheck = 1020;
				ORGANIZATIONNAME = "Quentin Fasquel";
				TargetAttributes = {
					667F4C791FA3068800F9A900 = {
						CreatedOnToolsVersion = 9.1;
						LastSwiftMigration = 1020;
						ProvisioningStyle = Automatic;
					};
				};
			};
			buildConfigurationList = 667F4C751FA3068800F9A900 /* Build configuration list for PBXProject "MyTransparentVideoExample" */;
			compatibilityVersion = "Xcode 8.0";
			developmentRegion = en;
			hasScannedForEncodings = 0;
			knownRegions = (
				en,
				Base,
			);
			mainGroup = 667F4C711FA3068800F9A900;
			productRefGroup = 667F4C7B1FA3068900F9A900 /* Products */;
			projectDirPath = "";
			projectRoot = "";
			targets = (
				667F4C791FA3068800F9A900 /* MyTransparentVideoExample */,
			);
		};
/* End PBXProject section */

/* Begin PBXResourcesBuildPhase section */
		667F4C781FA3068800F9A900 /* Resources */ = {
			isa = PBXResourcesBuildPhase;
			buildActionMask = 2147483647;
			files = (
				667F4C881FA3068900F9A900 /* LaunchScreen.storyboard in Resources */,
				6690684B1FA3656B00598D4C /* playdoh-bat.mp4 in Resources */,
				667F4C851FA3068900F9A900 /* Assets.xcassets in Resources */,
				667F4C831FA3068900F9A900 /* Main.storyboard in Resources */,
			);
			runOnlyForDeploymentPostprocessing = 0;
		};
/* End PBXResourcesBuildPhase section */

/* Begin PBXSourcesBuildPhase section */
		667F4C761FA3068800F9A900 /* Sources */ = {
			isa = PBXSourcesBuildPhase;
			buildActionMask = 2147483647;
			files = (
				669678FB242E7BF00085D444 /* AVAsset+VideoSize.swift in Sources */,
				667F4C901FA3071A00F9A900 /* AVPlayerView.swift in Sources */,
				667F4C921FA3126A00F9A900 /* AlphaFrameFilter.swift in Sources */,
				66E0467A242E85320096DEE5 /* CIKernel+DefaultMetalLibrary.swift in Sources */,
				667F4C801FA3068900F9A900 /* ViewController.swift in Sources */,
				669678FD242E7CFB0085D444 /* CIImage+VerticalSplit.swift in Sources */,
				66E0467B242E85320096DEE5 /* AlphaFrameFilter.metal in Sources */,
				667F4C7E1FA3068900F9A900 /* AppDelegate.swift in Sources */,
			);
			runOnlyForDeploymentPostprocessing = 0;
		};
/* End PBXSourcesBuildPhase section */

/* Begin PBXVariantGroup section */
		667F4C811FA3068900F9A900 /* Main.storyboard */ = {
			isa = PBXVariantGroup;
			children = (
				667F4C821FA3068900F9A900 /* Base */,
			);
			name = Main.storyboard;
			sourceTree = "<group>";
		};
		667F4C861FA3068900F9A900 /* LaunchScreen.storyboard */ = {
			isa = PBXVariantGroup;
			children = (
				667F4C871FA3068900F9A900 /* Base */,
			);
			name = LaunchScreen.storyboard;
			sourceTree = "<group>";
		};
/* End PBXVariantGroup section */

/* Begin XCBuildConfiguration section */
		667F4C8A1FA3068900F9A900 /* Debug */ = {
			isa = XCBuildConfiguration;
			buildSettings = {
				ALWAYS_SEARCH_USER_PATHS = NO;
				CLANG_ANALYZER_NONNULL = YES;
				CLANG_ANALYZER_NUMBER_OBJECT_CONVERSION = YES_AGGRESSIVE;
				CLANG_CXX_LANGUAGE_STANDARD = "gnu++14";
				CLANG_CXX_LIBRARY = "libc++";
				CLANG_ENABLE_MODULES = YES;
				CLANG_ENABLE_OBJC_ARC = YES;
				CLANG_WARN_BLOCK_CAPTURE_AUTORELEASING = YES;
				CLANG_WARN_BOOL_CONVERSION = YES;
				CLANG_WARN_COMMA = YES;
				CLANG_WARN_CONSTANT_CONVERSION = YES;
				CLANG_WARN_DEPRECATED_OBJC_IMPLEMENTATIONS = YES;
				CLANG_WARN_DIRECT_OBJC_ISA_USAGE = YES_ERROR;
				CLANG_WARN_DOCUMENTATION_COMMENTS = YES;
				CLANG_WARN_EMPTY_BODY = YES;
				CLANG_WARN_ENUM_CONVERSION = YES;
				CLANG_WARN_INFINITE_RECURSION = YES;
				CLANG_WARN_INT_CONVERSION = YES;
				CLANG_WARN_NON_LITERAL_NULL_CONVERSION = YES;
				CLANG_WARN_OBJC_IMPLICIT_RETAIN_SELF = YES;
				CLANG_WARN_OBJC_LITERAL_CONVERSION = YES;
				CLANG_WARN_OBJC_ROOT_CLASS = YES_ERROR;
				CLANG_WARN_RANGE_LOOP_ANALYSIS = YES;
				CLANG_WARN_STRICT_PROTOTYPES = YES;
				CLANG_WARN_SUSPICIOUS_MOVE = YES;
				CLANG_WARN_UNGUARDED_AVAILABILITY = YES_AGGRESSIVE;
				CLANG_WARN_UNREACHABLE_CODE = YES;
				CLANG_WARN__DUPLICATE_METHOD_MATCH = YES;
				CODE_SIGN_IDENTITY = "iPhone Developer";
				COPY_PHASE_STRIP = NO;
				DEBUG_INFORMATION_FORMAT = dwarf;
				ENABLE_STRICT_OBJC_MSGSEND = YES;
				ENABLE_TESTABILITY = YES;
				GCC_C_LANGUAGE_STANDARD = gnu11;
				GCC_DYNAMIC_NO_PIC = NO;
				GCC_NO_COMMON_BLOCKS = YES;
				GCC_OPTIMIZATION_LEVEL = 0;
				GCC_PREPROCESSOR_DEFINITIONS = (
					"DEBUG=1",
					"$(inherited)",
				);
				GCC_WARN_64_TO_32_BIT_CONVERSION = YES;
				GCC_WARN_ABOUT_RETURN_TYPE = YES_ERROR;
				GCC_WARN_UNDECLARED_SELECTOR = YES;
				GCC_WARN_UNINITIALIZED_AUTOS = YES_AGGRESSIVE;
				GCC_WARN_UNUSED_FUNCTION = YES;
				GCC_WARN_UNUSED_VARIABLE = YES;
				IPHONEOS_DEPLOYMENT_TARGET = 12.0;
				MTL_ENABLE_DEBUG_INFO = YES;
				ONLY_ACTIVE_ARCH = YES;
				SDKROOT = iphoneos;
				SWIFT_ACTIVE_COMPILATION_CONDITIONS = DEBUG;
				SWIFT_OPTIMIZATION_LEVEL = "-Onone";
			};
			name = Debug;
		};
		667F4C8B1FA3068900F9A900 /* Release */ = {
			isa = XCBuildConfiguration;
			buildSettings = {
				ALWAYS_SEARCH_USER_PATHS = NO;
				CLANG_ANALYZER_NONNULL = YES;
				CLANG_ANALYZER_NUMBER_OBJECT_CONVERSION = YES_AGGRESSIVE;
				CLANG_CXX_LANGUAGE_STANDARD = "gnu++14";
				CLANG_CXX_LIBRARY = "libc++";
				CLANG_ENABLE_MODULES = YES;
				CLANG_ENABLE_OBJC_ARC = YES;
				CLANG_WARN_BLOCK_CAPTURE_AUTORELEASING = YES;
				CLANG_WARN_BOOL_CONVERSION = YES;
				CLANG_WARN_COMMA = YES;
				CLANG_WARN_CONSTANT_CONVERSION = YES;
				CLANG_WARN_DEPRECATED_OBJC_IMPLEMENTATIONS = YES;
				CLANG_WARN_DIRECT_OBJC_ISA_USAGE = YES_ERROR;
				CLANG_WARN_DOCUMENTATION_COMMENTS = YES;
				CLANG_WARN_EMPTY_BODY = YES;
				CLANG_WARN_ENUM_CONVERSION = YES;
				CLANG_WARN_INFINITE_RECURSION = YES;
				CLANG_WARN_INT_CONVERSION = YES;
				CLANG_WARN_NON_LITERAL_NULL_CONVERSION = YES;
				CLANG_WARN_OBJC_IMPLICIT_RETAIN_SELF = YES;
				CLANG_WARN_OBJC_LITERAL_CONVERSION = YES;
				CLANG_WARN_OBJC_ROOT_CLASS = YES_ERROR;
				CLANG_WARN_RANGE_LOOP_ANALYSIS = YES;
				CLANG_WARN_STRICT_PROTOTYPES = YES;
				CLANG_WARN_SUSPICIOUS_MOVE = YES;
				CLANG_WARN_UNGUARDED_AVAILABILITY = YES_AGGRESSIVE;
				CLANG_WARN_UNREACHABLE_CODE = YES;
				CLANG_WARN__DUPLICATE_METHOD_MATCH = YES;
				CODE_SIGN_IDENTITY = "iPhone Developer";
				COPY_PHASE_STRIP = NO;
				DEBUG_INFORMATION_FORMAT = "dwarf-with-dsym";
				ENABLE_NS_ASSERTIONS = NO;
				ENABLE_STRICT_OBJC_MSGSEND = YES;
				GCC_C_LANGUAGE_STANDARD = gnu11;
				GCC_NO_COMMON_BLOCKS = YES;
				GCC_WARN_64_TO_32_BIT_CONVERSION = YES;
				GCC_WARN_ABOUT_RETURN_TYPE = YES_ERROR;
				GCC_WARN_UNDECLARED_SELECTOR = YES;
				GCC_WARN_UNINITIALIZED_AUTOS = YES_AGGRESSIVE;
				GCC_WARN_UNUSED_FUNCTION = YES;
				GCC_WARN_UNUSED_VARIABLE = YES;
				IPHONEOS_DEPLOYMENT_TARGET = 12.0;
				MTL_ENABLE_DEBUG_INFO = NO;
				SDKROOT = iphoneos;
				SWIFT_OPTIMIZATION_LEVEL = "-Owholemodule";
				VALIDATE_PRODUCT = YES;
			};
			name = Release;
		};
		667F4C8D1FA3068900F9A900 /* Debug */ = {
			isa = XCBuildConfiguration;
			buildSettings = {
				ASSETCATALOG_COMPILER_APPICON_NAME = AppIcon;
				CODE_SIGN_STYLE = Automatic;
				DEVELOPMENT_TEAM = H9EZHJZX4M;
				GCC_PREPROCESSOR_DEFINITIONS = (
					"$(inherited)",
					CI_SILENCE_GL_DEPRECATION,
				);
				INFOPLIST_FILE = MyTransparentVideoExample/Info.plist;
				LD_RUNPATH_SEARCH_PATHS = "$(inherited) @executable_path/Frameworks";
				MTLLINKER_FLAGS = "-cikernel";
				MTL_COMPILER_FLAGS = "-fcikernel";
				PRODUCT_BUNDLE_IDENTIFIER = com.quentinfasquel.MyTransparentVideoExample;
				PRODUCT_NAME = "$(TARGET_NAME)";
				SWIFT_ACTIVE_COMPILATION_CONDITIONS = "DEBUG CI_SILENCE_GL_DEPRECATION";
				SWIFT_VERSION = 5.0;
				TARGETED_DEVICE_FAMILY = "1,2";
			};
			name = Debug;
		};
		667F4C8E1FA3068900F9A900 /* Release */ = {
			isa = XCBuildConfiguration;
			buildSettings = {
				ASSETCATALOG_COMPILER_APPICON_NAME = AppIcon;
				CODE_SIGN_STYLE = Automatic;
				DEVELOPMENT_TEAM = H9EZHJZX4M;
				GCC_PREPROCESSOR_DEFINITIONS = (
					"$(inherited)",
					CI_SILENCE_GL_DEPRECATION,
				);
				INFOPLIST_FILE = MyTransparentVideoExample/Info.plist;
				LD_RUNPATH_SEARCH_PATHS = "$(inherited) @executable_path/Frameworks";
				MTLLINKER_FLAGS = "-cikernel";
				MTL_COMPILER_FLAGS = "-fcikernel";
				PRODUCT_BUNDLE_IDENTIFIER = com.quentinfasquel.MyTransparentVideoExample;
				PRODUCT_NAME = "$(TARGET_NAME)";
				SWIFT_VERSION = 5.0;
				TARGETED_DEVICE_FAMILY = "1,2";
			};
			name = Release;
		};
/* End XCBuildConfiguration section */

/* Begin XCConfigurationList section */
		667F4C751FA3068800F9A900 /* Build configuration list for PBXProject "MyTransparentVideoExample" */ = {
			isa = XCConfigurationList;
			buildConfigurations = (
				667F4C8A1FA3068900F9A900 /* Debug */,
				667F4C8B1FA3068900F9A900 /* Release */,
			);
			defaultConfigurationIsVisible = 0;
			defaultConfigurationName = Release;
		};
		667F4C8C1FA3068900F9A900 /* Build configuration list for PBXNativeTarget "MyTransparentVideoExample" */ = {
			isa = XCConfigurationList;
			buildConfigurations = (
				667F4C8D1FA3068900F9A900 /* Debug */,
				667F4C8E1FA3068900F9A900 /* Release */,
			);
			defaultConfigurationIsVisible = 0;
			defaultConfigurationName = Release;
		};
/* End XCConfigurationList section */
	};
	rootObject = 667F4C721FA3068800F9A900 /* Project object */;
}
